
Microsoft Visual Studio Solution File, Format Version 12.00
# Visual Studio 14
VisualStudioVersion = 14.0.23107.0
MinimumVisualStudioVersion = 10.0.40219.1
Project("{FAE04EC0-301F-11D3-BF4B-00C04F79EFBC}") = "Poker", "Poker.csproj", "{28FE6BA3-4622-406E-81C4-419B0D2368F9}"
EndProject
Project("{FAE04EC0-301F-11D3-BF4B-00C04F79EFBC}") = "CardTesting", "..\CardTesting\CardTesting.csproj", "{600BC055-B0C3-45E1-A30A-74EC852E91D2}"
EndProject
Project("{FAE04EC0-301F-11D3-BF4B-00C04F79EFBC}") = "PokerHandsChecker_IsValidHandTests", "..\PokerHandsChecker_IsValidHandTests\PokerHandsChecker_IsValidHandTests.csproj", "{FA61AEAF-79CF-4369-8897-2239F6061B7A}"
EndProject
Project("{FAE04EC0-301F-11D3-BF4B-00C04F79EFBC}") = "PokerHandsChecker_IsFourOfAKindTest", "..\PokerHandsChecker_IsFourOfAKindTest\PokerHandsChecker_IsFourOfAKindTest.csproj", "{883182E4-1D64-4669-94EB-DF4BEF68E60D}"
EndProject
Project("{FAE04EC0-301F-11D3-BF4B-00C04F79EFBC}") = "HandTesting", "..\HandTesting\HandTesting.csproj", "{A54CF892-4137-4DEB-A910-D3EFA214778D}"
EndProject
Project("{FAE04EC0-301F-11D3-BF4B-00C04F79EFBC}") = "PokerHandsChecker_IsFlushTest", "..\PokerHandsChecker_IsFlushTest\PokerHandsChecker_IsFlushTest.csproj", "{DBF50724-AAB1-41C0-A0A8-1DAA00064993}"
EndProject
Global
	GlobalSection(SolutionConfigurationPlatforms) = preSolution
		Debug|Any CPU = Debug|Any CPU
		Release|Any CPU = Release|Any CPU
	EndGlobalSection
	GlobalSection(ProjectConfigurationPlatforms) = postSolution
		{28FE6BA3-4622-406E-81C4-419B0D2368F9}.Debug|Any CPU.ActiveCfg = Debug|Any CPU
		{28FE6BA3-4622-406E-81C4-419B0D2368F9}.Debug|Any CPU.Build.0 = Debug|Any CPU
		{28FE6BA3-4622-406E-81C4-419B0D2368F9}.Release|Any CPU.ActiveCfg = Release|Any CPU
		{28FE6BA3-4622-406E-81C4-419B0D2368F9}.Release|Any CPU.Build.0 = Release|Any CPU
		{600BC055-B0C3-45E1-A30A-74EC852E91D2}.Debug|Any CPU.ActiveCfg = Debug|Any CPU
		{600BC055-B0C3-45E1-A30A-74EC852E91D2}.Debug|Any CPU.Build.0 = Debug|Any CPU
		{600BC055-B0C3-45E1-A30A-74EC852E91D2}.Release|Any CPU.ActiveCfg = Release|Any CPU
		{600BC055-B0C3-45E1-A30A-74EC852E91D2}.Release|Any CPU.Build.0 = Release|Any CPU
		{FA61AEAF-79CF-4369-8897-2239F6061B7A}.Debug|Any CPU.ActiveCfg = Debug|Any CPU
		{FA61AEAF-79CF-4369-8897-2239F6061B7A}.Debug|Any CPU.Build.0 = Debug|Any CPU
		{FA61AEAF-79CF-4369-8897-2239F6061B7A}.Release|Any CPU.ActiveCfg = Release|Any CPU
		{FA61AEAF-79CF-4369-8897-2239F6061B7A}.Release|Any CPU.Build.0 = Release|Any CPU
		{883182E4-1D64-4669-94EB-DF4BEF68E60D}.Debug|Any CPU.ActiveCfg = Debug|Any CPU
		{883182E4-1D64-4669-94EB-DF4BEF68E60D}.Debug|Any CPU.Build.0 = Debug|Any CPU
		{883182E4-1D64-4669-94EB-DF4BEF68E60D}.Release|Any CPU.ActiveCfg = Release|Any CPU
		{883182E4-1D64-4669-94EB-DF4BEF68E60D}.Release|Any CPU.Build.0 = Release|Any CPU
		{A54CF892-4137-4DEB-A910-D3EFA214778D}.Debug|Any CPU.ActiveCfg = Debug|Any CPU
		{A54CF892-4137-4DEB-A910-D3EFA214778D}.Debug|Any CPU.Build.0 = Debug|Any CPU
		{A54CF892-4137-4DEB-A910-D3EFA214778D}.Release|Any CPU.ActiveCfg = Release|Any CPU
		{A54CF892-4137-4DEB-A910-D3EFA214778D}.Release|Any CPU.Build.0 = Release|Any CPU
		{DBF50724-AAB1-41C0-A0A8-1DAA00064993}.Debug|Any CPU.ActiveCfg = Debug|Any CPU
		{DBF50724-AAB1-41C0-A0A8-1DAA00064993}.Debug|Any CPU.Build.0 = Debug|Any CPU
		{DBF50724-AAB1-41C0-A0A8-1DAA00064993}.Release|Any CPU.ActiveCfg = Release|Any CPU
		{DBF50724-AAB1-41C0-A0A8-1DAA00064993}.Release|Any CPU.Build.0 = Release|Any CPU
	EndGlobalSection
	GlobalSection(SolutionProperties) = preSolution
		HideSolutionNode = FALSE
	EndGlobalSection
EndGlobal
