
Microsoft Visual Studio Solution File, Format Version 12.00
# Visual Studio 2013
VisualStudioVersion = 12.0.31101.0
MinimumVisualStudioVersion = 10.0.40219.1
Project("{FAE04EC0-301F-11D3-BF4B-00C04F79EFBC}") = "01. DecimalToBinary", "01. DecimalToBinary\01. DecimalToBinary.csproj", "{CC99D3A4-27B4-4F9F-987B-7FFA4DF09290}"
EndProject
Project("{FAE04EC0-301F-11D3-BF4B-00C04F79EFBC}") = "02. BinaryToDecimal", "02. BinaryToDecimal\02. BinaryToDecimal.csproj", "{37A3BF5D-4EBC-4D15-99F4-796CBAF0B0DD}"
EndProject
Project("{FAE04EC0-301F-11D3-BF4B-00C04F79EFBC}") = "08. BinaryShort", "08. BinaryShort\08. BinaryShort.csproj", "{2805EA78-A924-400F-BD40-38CDCE08AACD}"
EndProject
Project("{FAE04EC0-301F-11D3-BF4B-00C04F79EFBC}") = "03. DecimalToHexadecimal", "03. DecimalToHexadecimal\03. DecimalToHexadecimal.csproj", "{3AFA14E4-AED8-465E-9C23-1D978ABBE1C5}"
EndProject
Project("{FAE04EC0-301F-11D3-BF4B-00C04F79EFBC}") = "04. HexadecimalToDecimal", "04. HexadecimalToDecimal\04. HexadecimalToDecimal.csproj", "{34CEC5ED-D64A-4124-A5BB-4050C87DBD4B}"
EndProject
Project("{FAE04EC0-301F-11D3-BF4B-00C04F79EFBC}") = "05. HexadecimalToBinary", "05. HexadecimalToBinary\05. HexadecimalToBinary.csproj", "{2BC5B6CE-650F-4FEE-885A-CA1C78917F9E}"
EndProject
Project("{FAE04EC0-301F-11D3-BF4B-00C04F79EFBC}") = "06. BinaryToHexadecimal", "06. BinaryToHexadecimal\06. BinaryToHexadecimal.csproj", "{5B57C7D1-5BFA-4F23-8422-E4322144D438}"
EndProject
Project("{FAE04EC0-301F-11D3-BF4B-00C04F79EFBC}") = "07. OneSystemToAnyOther", "07. OneSystemToAnyOther\07. OneSystemToAnyOther.csproj", "{8142659A-9C4B-4F0F-A689-5382C39D473F}"
EndProject
Global
	GlobalSection(SolutionConfigurationPlatforms) = preSolution
		Debug|Any CPU = Debug|Any CPU
		Release|Any CPU = Release|Any CPU
	EndGlobalSection
	GlobalSection(ProjectConfigurationPlatforms) = postSolution
		{CC99D3A4-27B4-4F9F-987B-7FFA4DF09290}.Debug|Any CPU.ActiveCfg = Debug|Any CPU
		{CC99D3A4-27B4-4F9F-987B-7FFA4DF09290}.Debug|Any CPU.Build.0 = Debug|Any CPU
		{CC99D3A4-27B4-4F9F-987B-7FFA4DF09290}.Release|Any CPU.ActiveCfg = Release|Any CPU
		{CC99D3A4-27B4-4F9F-987B-7FFA4DF09290}.Release|Any CPU.Build.0 = Release|Any CPU
		{37A3BF5D-4EBC-4D15-99F4-796CBAF0B0DD}.Debug|Any CPU.ActiveCfg = Debug|Any CPU
		{37A3BF5D-4EBC-4D15-99F4-796CBAF0B0DD}.Debug|Any CPU.Build.0 = Debug|Any CPU
		{37A3BF5D-4EBC-4D15-99F4-796CBAF0B0DD}.Release|Any CPU.ActiveCfg = Release|Any CPU
		{37A3BF5D-4EBC-4D15-99F4-796CBAF0B0DD}.Release|Any CPU.Build.0 = Release|Any CPU
		{2805EA78-A924-400F-BD40-38CDCE08AACD}.Debug|Any CPU.ActiveCfg = Debug|Any CPU
		{2805EA78-A924-400F-BD40-38CDCE08AACD}.Debug|Any CPU.Build.0 = Debug|Any CPU
		{2805EA78-A924-400F-BD40-38CDCE08AACD}.Release|Any CPU.ActiveCfg = Release|Any CPU
		{2805EA78-A924-400F-BD40-38CDCE08AACD}.Release|Any CPU.Build.0 = Release|Any CPU
		{3AFA14E4-AED8-465E-9C23-1D978ABBE1C5}.Debug|Any CPU.ActiveCfg = Debug|Any CPU
		{3AFA14E4-AED8-465E-9C23-1D978ABBE1C5}.Debug|Any CPU.Build.0 = Debug|Any CPU
		{3AFA14E4-AED8-465E-9C23-1D978ABBE1C5}.Release|Any CPU.ActiveCfg = Release|Any CPU
		{3AFA14E4-AED8-465E-9C23-1D978ABBE1C5}.Release|Any CPU.Build.0 = Release|Any CPU
		{34CEC5ED-D64A-4124-A5BB-4050C87DBD4B}.Debug|Any CPU.ActiveCfg = Debug|Any CPU
		{34CEC5ED-D64A-4124-A5BB-4050C87DBD4B}.Debug|Any CPU.Build.0 = Debug|Any CPU
		{34CEC5ED-D64A-4124-A5BB-4050C87DBD4B}.Release|Any CPU.ActiveCfg = Release|Any CPU
		{34CEC5ED-D64A-4124-A5BB-4050C87DBD4B}.Release|Any CPU.Build.0 = Release|Any CPU
		{2BC5B6CE-650F-4FEE-885A-CA1C78917F9E}.Debug|Any CPU.ActiveCfg = Debug|Any CPU
		{2BC5B6CE-650F-4FEE-885A-CA1C78917F9E}.Debug|Any CPU.Build.0 = Debug|Any CPU
		{2BC5B6CE-650F-4FEE-885A-CA1C78917F9E}.Release|Any CPU.ActiveCfg = Release|Any CPU
		{2BC5B6CE-650F-4FEE-885A-CA1C78917F9E}.Release|Any CPU.Build.0 = Release|Any CPU
		{5B57C7D1-5BFA-4F23-8422-E4322144D438}.Debug|Any CPU.ActiveCfg = Debug|Any CPU
		{5B57C7D1-5BFA-4F23-8422-E4322144D438}.Debug|Any CPU.Build.0 = Debug|Any CPU
		{5B57C7D1-5BFA-4F23-8422-E4322144D438}.Release|Any CPU.ActiveCfg = Release|Any CPU
		{5B57C7D1-5BFA-4F23-8422-E4322144D438}.Release|Any CPU.Build.0 = Release|Any CPU
		{8142659A-9C4B-4F0F-A689-5382C39D473F}.Debug|Any CPU.ActiveCfg = Debug|Any CPU
		{8142659A-9C4B-4F0F-A689-5382C39D473F}.Debug|Any CPU.Build.0 = Debug|Any CPU
		{8142659A-9C4B-4F0F-A689-5382C39D473F}.Release|Any CPU.ActiveCfg = Release|Any CPU
		{8142659A-9C4B-4F0F-A689-5382C39D473F}.Release|Any CPU.Build.0 = Release|Any CPU
	EndGlobalSection
	GlobalSection(SolutionProperties) = preSolution
		HideSolutionNode = FALSE
	EndGlobalSection
EndGlobal
