
Microsoft Visual Studio Solution File, Format Version 12.00
# Visual Studio 2013
VisualStudioVersion = 12.0.31101.0
MinimumVisualStudioVersion = 10.0.40219.1
Project("{FAE04EC0-301F-11D3-BF4B-00C04F79EFBC}") = "SchoolClasses", "SchoolClasses\SchoolClasses.csproj", "{51F1081C-02AE-4956-9CC8-F558D69865ED}"
EndProject
Project("{FAE04EC0-301F-11D3-BF4B-00C04F79EFBC}") = "StudentsAndWorkers", "StudentsAndWorkers\StudentsAndWorkers.csproj", "{994C07A3-A484-4BD7-982E-4164257000B6}"
EndProject
Project("{FAE04EC0-301F-11D3-BF4B-00C04F79EFBC}") = "AnimalHierarchy", "AnimalHierarchy\AnimalHierarchy.csproj", "{928F82B5-818E-43C7-A803-E5AA1B4FB26E}"
EndProject
Global
	GlobalSection(SolutionConfigurationPlatforms) = preSolution
		Debug|Any CPU = Debug|Any CPU
		Release|Any CPU = Release|Any CPU
	EndGlobalSection
	GlobalSection(ProjectConfigurationPlatforms) = postSolution
		{51F1081C-02AE-4956-9CC8-F558D69865ED}.Debug|Any CPU.ActiveCfg = Debug|Any CPU
		{51F1081C-02AE-4956-9CC8-F558D69865ED}.Debug|Any CPU.Build.0 = Debug|Any CPU
		{51F1081C-02AE-4956-9CC8-F558D69865ED}.Release|Any CPU.ActiveCfg = Release|Any CPU
		{51F1081C-02AE-4956-9CC8-F558D69865ED}.Release|Any CPU.Build.0 = Release|Any CPU
		{994C07A3-A484-4BD7-982E-4164257000B6}.Debug|Any CPU.ActiveCfg = Debug|Any CPU
		{994C07A3-A484-4BD7-982E-4164257000B6}.Debug|Any CPU.Build.0 = Debug|Any CPU
		{994C07A3-A484-4BD7-982E-4164257000B6}.Release|Any CPU.ActiveCfg = Release|Any CPU
		{994C07A3-A484-4BD7-982E-4164257000B6}.Release|Any CPU.Build.0 = Release|Any CPU
		{928F82B5-818E-43C7-A803-E5AA1B4FB26E}.Debug|Any CPU.ActiveCfg = Debug|Any CPU
		{928F82B5-818E-43C7-A803-E5AA1B4FB26E}.Debug|Any CPU.Build.0 = Debug|Any CPU
		{928F82B5-818E-43C7-A803-E5AA1B4FB26E}.Release|Any CPU.ActiveCfg = Release|Any CPU
		{928F82B5-818E-43C7-A803-E5AA1B4FB26E}.Release|Any CPU.Build.0 = Release|Any CPU
	EndGlobalSection
	GlobalSection(SolutionProperties) = preSolution
		HideSolutionNode = FALSE
	EndGlobalSection
EndGlobal
