
Microsoft Visual Studio Solution File, Format Version 12.00
# Visual Studio 2013
VisualStudioVersion = 12.0.31101.0
MinimumVisualStudioVersion = 10.0.40219.1
Project("{FAE04EC0-301F-11D3-BF4B-00C04F79EFBC}") = "HTMLTables-Homework", "HTMLTables-Homework\HTMLTables-Homework.csproj", "{27618129-94C8-4EFC-80BB-41A21D482463}"
EndProject
Global
	GlobalSection(SolutionConfigurationPlatforms) = preSolution
		Debug|Any CPU = Debug|Any CPU
		Release|Any CPU = Release|Any CPU
	EndGlobalSection
	GlobalSection(ProjectConfigurationPlatforms) = postSolution
		{27618129-94C8-4EFC-80BB-41A21D482463}.Debug|Any CPU.ActiveCfg = Debug|Any CPU
		{27618129-94C8-4EFC-80BB-41A21D482463}.Debug|Any CPU.Build.0 = Debug|Any CPU
		{27618129-94C8-4EFC-80BB-41A21D482463}.Release|Any CPU.ActiveCfg = Release|Any CPU
		{27618129-94C8-4EFC-80BB-41A21D482463}.Release|Any CPU.Build.0 = Release|Any CPU
	EndGlobalSection
	GlobalSection(SolutionProperties) = preSolution
		HideSolutionNode = FALSE
	EndGlobalSection
EndGlobal
